
Microsoft Visual Studio Solution File, Format Version 12.00
# Visual Studio Version 16
VisualStudioVersion = 16.0.33214.272
MinimumVisualStudioVersion = 10.0.40219.1
Project("{FAE04EC0-301F-11D3-BF4B-00C04F79EFBC}") = "Mission6_jn375", "Mission6_jn375\Mission6_jn375.csproj", "{B99164A2-278E-4EB5-83D6-6079CC177138}"
EndProject
Global
	GlobalSection(SolutionConfigurationPlatforms) = preSolution
		Debug|Any CPU = Debug|Any CPU
		Release|Any CPU = Release|Any CPU
	EndGlobalSection
	GlobalSection(ProjectConfigurationPlatforms) = postSolution
		{B99164A2-278E-4EB5-83D6-6079CC177138}.Debug|Any CPU.ActiveCfg = Debug|Any CPU
		{B99164A2-278E-4EB5-83D6-6079CC177138}.Debug|Any CPU.Build.0 = Debug|Any CPU
		{B99164A2-278E-4EB5-83D6-6079CC177138}.Release|Any CPU.ActiveCfg = Release|Any CPU
		{B99164A2-278E-4EB5-83D6-6079CC177138}.Release|Any CPU.Build.0 = Release|Any CPU
	EndGlobalSection
	GlobalSection(SolutionProperties) = preSolution
		HideSolutionNode = FALSE
	EndGlobalSection
	GlobalSection(ExtensibilityGlobals) = postSolution
		SolutionGuid = {30EEB2CC-6D0E-4FFC-93F2-1C4B53DFC247}
	EndGlobalSection
EndGlobal
